
Microsoft Visual Studio Solution File, Format Version 12.00
Project("{FAE04EC0-301F-11D3-BF4B-00C04F79EFBC}") = "MusicPipeBot", "src\MusicPipeBot\MusicPipeBot.csproj", "{9A7F76E5-523F-469B-B5BE-A8EB7C90B158}"
EndProject
Global
	GlobalSection(SolutionConfigurationPlatforms) = preSolution
		Debug|Any CPU = Debug|Any CPU
		Release|Any CPU = Release|Any CPU
	EndGlobalSection
	GlobalSection(ProjectConfigurationPlatforms) = postSolution
		{9A7F76E5-523F-469B-B5BE-A8EB7C90B158}.Debug|Any CPU.ActiveCfg = Debug|Any CPU
		{9A7F76E5-523F-469B-B5BE-A8EB7C90B158}.Debug|Any CPU.Build.0 = Debug|Any CPU
		{9A7F76E5-523F-469B-B5BE-A8EB7C90B158}.Release|Any CPU.ActiveCfg = Release|Any CPU
		{9A7F76E5-523F-469B-B5BE-A8EB7C90B158}.Release|Any CPU.Build.0 = Release|Any CPU
	EndGlobalSection
EndGlobal
